
Microsoft Visual Studio Solution File, Format Version 12.00
# Visual Studio Version 17
VisualStudioVersion = 17.10.35122.118
MinimumVisualStudioVersion = 10.0.40219.1
Project("{FAE04EC0-301F-11D3-BF4B-00C04F79EFBC}") = "mvctask1", "mvctask1\mvctask1.csproj", "{1EB3CD00-A1B3-41D2-BBDB-4EF5135C427F}"
EndProject
Global
	GlobalSection(SolutionConfigurationPlatforms) = preSolution
		Debug|Any CPU = Debug|Any CPU
		Release|Any CPU = Release|Any CPU
	EndGlobalSection
	GlobalSection(ProjectConfigurationPlatforms) = postSolution
		{1EB3CD00-A1B3-41D2-BBDB-4EF5135C427F}.Debug|Any CPU.ActiveCfg = Debug|Any CPU
		{1EB3CD00-A1B3-41D2-BBDB-4EF5135C427F}.Debug|Any CPU.Build.0 = Debug|Any CPU
		{1EB3CD00-A1B3-41D2-BBDB-4EF5135C427F}.Release|Any CPU.ActiveCfg = Release|Any CPU
		{1EB3CD00-A1B3-41D2-BBDB-4EF5135C427F}.Release|Any CPU.Build.0 = Release|Any CPU
	EndGlobalSection
	GlobalSection(SolutionProperties) = preSolution
		HideSolutionNode = FALSE
	EndGlobalSection
	GlobalSection(ExtensibilityGlobals) = postSolution
		SolutionGuid = {C1FCADAC-7C25-4692-B287-7338926420BB}
	EndGlobalSection
EndGlobal
